// !$*UTF8*$!
{
	archiveVersion = 1;
	classes = {
	};
	objectVersion = 50;
	objects = {

/* Begin PBXBuildFile section */
		813E87DE21B4155100E1797A /* CompaniesController+CreateCompanyDelegate.swift in Sources */ = {isa = PBXBuildFile; fileRef = 813E87DD21B4155100E1797A /* CompaniesController+CreateCompanyDelegate.swift */; };
		813E87E021B4159500E1797A /* CompaniesController+TableView.swift in Sources */ = {isa = PBXBuildFile; fileRef = 813E87DF21B4159500E1797A /* CompaniesController+TableView.swift */; };
		814C430E2194D390009E2FAD /* CompaniesDataModel.xcdatamodeld in Sources */ = {isa = PBXBuildFile; fileRef = 814C430C2194D390009E2FAD /* CompaniesDataModel.xcdatamodeld */; };
		8151D22921AAC744005D41E3 /* CompanyCell.swift in Sources */ = {isa = PBXBuildFile; fileRef = 8151D22821AAC744005D41E3 /* CompanyCell.swift */; };
		81AEFB6A2193455E00E9C97C /* CreateCompanyController.swift in Sources */ = {isa = PBXBuildFile; fileRef = 81AEFB692193455E00E9C97C /* CreateCompanyController.swift */; };
		81B271332192D9E600EDD652 /* AppDelegate.swift in Sources */ = {isa = PBXBuildFile; fileRef = 81B271322192D9E600EDD652 /* AppDelegate.swift */; };
		81B271352192D9E600EDD652 /* CompaniesController.swift in Sources */ = {isa = PBXBuildFile; fileRef = 81B271342192D9E600EDD652 /* CompaniesController.swift */; };
		81B2713A2192D9E700EDD652 /* Assets.xcassets in Resources */ = {isa = PBXBuildFile; fileRef = 81B271392192D9E700EDD652 /* Assets.xcassets */; };
		81B2713D2192D9E700EDD652 /* LaunchScreen.storyboard in Resources */ = {isa = PBXBuildFile; fileRef = 81B2713B2192D9E700EDD652 /* LaunchScreen.storyboard */; };
		81B271452192E65B00EDD652 /* UIColor+theme.swift in Sources */ = {isa = PBXBuildFile; fileRef = 81B271442192E65B00EDD652 /* UIColor+theme.swift */; };
		81F6EC90219596B900895D56 /* CoreDataManager.swift in Sources */ = {isa = PBXBuildFile; fileRef = 81F6EC8F219596B900895D56 /* CoreDataManager.swift */; };
/* End PBXBuildFile section */

/* Begin PBXFileReference section */
		813E87DD21B4155100E1797A /* CompaniesController+CreateCompanyDelegate.swift */ = {isa = PBXFileReference; lastKnownFileType = sourcecode.swift; path = "CompaniesController+CreateCompanyDelegate.swift"; sourceTree = "<group>"; };
		813E87DF21B4159500E1797A /* CompaniesController+TableView.swift */ = {isa = PBXFileReference; lastKnownFileType = sourcecode.swift; path = "CompaniesController+TableView.swift"; sourceTree = "<group>"; };
		814C430D2194D390009E2FAD /* CompaniesDataModel.xcdatamodel */ = {isa = PBXFileReference; lastKnownFileType = wrapper.xcdatamodel; path = CompaniesDataModel.xcdatamodel; sourceTree = "<group>"; };
		8151D22821AAC744005D41E3 /* CompanyCell.swift */ = {isa = PBXFileReference; lastKnownFileType = sourcecode.swift; path = CompanyCell.swift; sourceTree = "<group>"; };
		81AEFB692193455E00E9C97C /* CreateCompanyController.swift */ = {isa = PBXFileReference; lastKnownFileType = sourcecode.swift; path = CreateCompanyController.swift; sourceTree = "<group>"; };
		81B2712F2192D9E600EDD652 /* iCompanies.app */ = {isa = PBXFileReference; explicitFileType = wrapper.application; includeInIndex = 0; path = iCompanies.app; sourceTree = BUILT_PRODUCTS_DIR; };
		81B271322192D9E600EDD652 /* AppDelegate.swift */ = {isa = PBXFileReference; lastKnownFileType = sourcecode.swift; path = AppDelegate.swift; sourceTree = "<group>"; };
		81B271342192D9E600EDD652 /* CompaniesController.swift */ = {isa = PBXFileReference; lastKnownFileType = sourcecode.swift; path = CompaniesController.swift; sourceTree = "<group>"; };
		81B271392192D9E700EDD652 /* Assets.xcassets */ = {isa = PBXFileReference; lastKnownFileType = folder.assetcatalog; path = Assets.xcassets; sourceTree = "<group>"; };
		81B2713C2192D9E700EDD652 /* Base */ = {isa = PBXFileReference; lastKnownFileType = file.storyboard; name = Base; path = Base.lproj/LaunchScreen.storyboard; sourceTree = "<group>"; };
		81B2713E2192D9E700EDD652 /* Info.plist */ = {isa = PBXFileReference; lastKnownFileType = text.plist.xml; path = Info.plist; sourceTree = "<group>"; };
		81B271442192E65B00EDD652 /* UIColor+theme.swift */ = {isa = PBXFileReference; lastKnownFileType = sourcecode.swift; path = "UIColor+theme.swift"; sourceTree = "<group>"; };
		81F6EC8F219596B900895D56 /* CoreDataManager.swift */ = {isa = PBXFileReference; lastKnownFileType = sourcecode.swift; path = CoreDataManager.swift; sourceTree = "<group>"; };
/* End PBXFileReference section */

/* Begin PBXFrameworksBuildPhase section */
		81B2712C2192D9E600EDD652 /* Frameworks */ = {
			isa = PBXFrameworksBuildPhase;
			buildActionMask = 2147483647;
			files = (
			);
			runOnlyForDeploymentPostprocessing = 0;
		};
/* End PBXFrameworksBuildPhase section */

/* Begin PBXGroup section */
		813E87DC21B414C500E1797A /* Companies */ = {
			isa = PBXGroup;
			children = (
				81B271342192D9E600EDD652 /* CompaniesController.swift */,
				8151D22821AAC744005D41E3 /* CompanyCell.swift */,
				813E87DD21B4155100E1797A /* CompaniesController+CreateCompanyDelegate.swift */,
				813E87DF21B4159500E1797A /* CompaniesController+TableView.swift */,
			);
			path = Companies;
			sourceTree = "<group>";
		};
		81B271262192D9E500EDD652 = {
			isa = PBXGroup;
			children = (
				81B271312192D9E600EDD652 /* iCompanies */,
				81B271302192D9E600EDD652 /* Products */,
			);
			sourceTree = "<group>";
		};
		81B271302192D9E600EDD652 /* Products */ = {
			isa = PBXGroup;
			children = (
				81B2712F2192D9E600EDD652 /* iCompanies.app */,
			);
			name = Products;
			sourceTree = "<group>";
		};
		81B271312192D9E600EDD652 /* iCompanies */ = {
			isa = PBXGroup;
			children = (
				813E87DC21B414C500E1797A /* Companies */,
				81AEFB692193455E00E9C97C /* CreateCompanyController.swift */,
				81B271442192E65B00EDD652 /* UIColor+theme.swift */,
				81F6EC8F219596B900895D56 /* CoreDataManager.swift */,
				81B271322192D9E600EDD652 /* AppDelegate.swift */,
				81B271392192D9E700EDD652 /* Assets.xcassets */,
				81B2713B2192D9E700EDD652 /* LaunchScreen.storyboard */,
				81B2713E2192D9E700EDD652 /* Info.plist */,
				814C430C2194D390009E2FAD /* CompaniesDataModel.xcdatamodeld */,
			);
			path = iCompanies;
			sourceTree = "<group>";
		};
/* End PBXGroup section */

/* Begin PBXNativeTarget section */
		81B2712E2192D9E600EDD652 /* iCompanies */ = {
			isa = PBXNativeTarget;
			buildConfigurationList = 81B271412192D9E700EDD652 /* Build configuration list for PBXNativeTarget "iCompanies" */;
			buildPhases = (
				81B2712B2192D9E600EDD652 /* Sources */,
				81B2712C2192D9E600EDD652 /* Frameworks */,
				81B2712D2192D9E600EDD652 /* Resources */,
			);
			buildRules = (
			);
			dependencies = (
			);
			name = iCompanies;
			productName = iCompanies;
			productReference = 81B2712F2192D9E600EDD652 /* iCompanies.app */;
			productType = "com.apple.product-type.application";
		};
/* End PBXNativeTarget section */

/* Begin PBXProject section */
		81B271272192D9E500EDD652 /* Project object */ = {
			isa = PBXProject;
			attributes = {
				LastSwiftUpdateCheck = 1010;
				LastUpgradeCheck = 1010;
				ORGANIZATIONNAME = eliamyro;
				TargetAttributes = {
					81B2712E2192D9E600EDD652 = {
						CreatedOnToolsVersion = 10.1;
					};
				};
			};
			buildConfigurationList = 81B2712A2192D9E500EDD652 /* Build configuration list for PBXProject "iCompanies" */;
			compatibilityVersion = "Xcode 9.3";
			developmentRegion = en;
			hasScannedForEncodings = 0;
			knownRegions = (
				en,
				Base,
			);
			mainGroup = 81B271262192D9E500EDD652;
			productRefGroup = 81B271302192D9E600EDD652 /* Products */;
			projectDirPath = "";
			projectRoot = "";
			targets = (
				81B2712E2192D9E600EDD652 /* iCompanies */,
			);
		};
/* End PBXProject section */

/* Begin PBXResourcesBuildPhase section */
		81B2712D2192D9E600EDD652 /* Resources */ = {
			isa = PBXResourcesBuildPhase;
			buildActionMask = 2147483647;
			files = (
				81B2713D2192D9E700EDD652 /* LaunchScreen.storyboard in Resources */,
				81B2713A2192D9E700EDD652 /* Assets.xcassets in Resources */,
			);
			runOnlyForDeploymentPostprocessing = 0;
		};
/* End PBXResourcesBuildPhase section */

/* Begin PBXSourcesBuildPhase section */
		81B2712B2192D9E600EDD652 /* Sources */ = {
			isa = PBXSourcesBuildPhase;
			buildActionMask = 2147483647;
			files = (
				81B271352192D9E600EDD652 /* CompaniesController.swift in Sources */,
				814C430E2194D390009E2FAD /* CompaniesDataModel.xcdatamodeld in Sources */,
				81B271452192E65B00EDD652 /* UIColor+theme.swift in Sources */,
				813E87E021B4159500E1797A /* CompaniesController+TableView.swift in Sources */,
				81AEFB6A2193455E00E9C97C /* CreateCompanyController.swift in Sources */,
				8151D22921AAC744005D41E3 /* CompanyCell.swift in Sources */,
				81B271332192D9E600EDD652 /* AppDelegate.swift in Sources */,
				813E87DE21B4155100E1797A /* CompaniesController+CreateCompanyDelegate.swift in Sources */,
				81F6EC90219596B900895D56 /* CoreDataManager.swift in Sources */,
			);
			runOnlyForDeploymentPostprocessing = 0;
		};
/* End PBXSourcesBuildPhase section */

/* Begin PBXVariantGroup section */
		81B2713B2192D9E700EDD652 /* LaunchScreen.storyboard */ = {
			isa = PBXVariantGroup;
			children = (
				81B2713C2192D9E700EDD652 /* Base */,
			);
			name = LaunchScreen.storyboard;
			sourceTree = "<group>";
		};
/* End PBXVariantGroup section */

/* Begin XCBuildConfiguration section */
		81B2713F2192D9E700EDD652 /* Debug */ = {
			isa = XCBuildConfiguration;
			buildSettings = {
				ALWAYS_SEARCH_USER_PATHS = NO;
				CLANG_ANALYZER_NONNULL = YES;
				CLANG_ANALYZER_NUMBER_OBJECT_CONVERSION = YES_AGGRESSIVE;
				CLANG_CXX_LANGUAGE_STANDARD = "gnu++14";
				CLANG_CXX_LIBRARY = "libc++";
				CLANG_ENABLE_MODULES = YES;
				CLANG_ENABLE_OBJC_ARC = YES;
				CLANG_ENABLE_OBJC_WEAK = YES;
				CLANG_WARN_BLOCK_CAPTURE_AUTORELEASING = YES;
				CLANG_WARN_BOOL_CONVERSION = YES;
				CLANG_WARN_COMMA = YES;
				CLANG_WARN_CONSTANT_CONVERSION = YES;
				CLANG_WARN_DEPRECATED_OBJC_IMPLEMENTATIONS = YES;
				CLANG_WARN_DIRECT_OBJC_ISA_USAGE = YES_ERROR;
				CLANG_WARN_DOCUMENTATION_COMMENTS = YES;
				CLANG_WARN_EMPTY_BODY = YES;
				CLANG_WARN_ENUM_CONVERSION = YES;
				CLANG_WARN_INFINITE_RECURSION = YES;
				CLANG_WARN_INT_CONVERSION = YES;
				CLANG_WARN_NON_LITERAL_NULL_CONVERSION = YES;
				CLANG_WARN_OBJC_IMPLICIT_RETAIN_SELF = YES;
				CLANG_WARN_OBJC_LITERAL_CONVERSION = YES;
				CLANG_WARN_OBJC_ROOT_CLASS = YES_ERROR;
				CLANG_WARN_RANGE_LOOP_ANALYSIS = YES;
				CLANG_WARN_STRICT_PROTOTYPES = YES;
				CLANG_WARN_SUSPICIOUS_MOVE = YES;
				CLANG_WARN_UNGUARDED_AVAILABILITY = YES_AGGRESSIVE;
				CLANG_WARN_UNREACHABLE_CODE = YES;
				CLANG_WARN__DUPLICATE_METHOD_MATCH = YES;
				CODE_SIGN_IDENTITY = "iPhone Developer";
				COPY_PHASE_STRIP = NO;
				DEBUG_INFORMATION_FORMAT = dwarf;
				ENABLE_STRICT_OBJC_MSGSEND = YES;
				ENABLE_TESTABILITY = YES;
				GCC_C_LANGUAGE_STANDARD = gnu11;
				GCC_DYNAMIC_NO_PIC = NO;
				GCC_NO_COMMON_BLOCKS = YES;
				GCC_OPTIMIZATION_LEVEL = 0;
				GCC_PREPROCESSOR_DEFINITIONS = (
					"DEBUG=1",
					"$(inherited)",
				);
				GCC_WARN_64_TO_32_BIT_CONVERSION = YES;
				GCC_WARN_ABOUT_RETURN_TYPE = YES_ERROR;
				GCC_WARN_UNDECLARED_SELECTOR = YES;
				GCC_WARN_UNINITIALIZED_AUTOS = YES_AGGRESSIVE;
				GCC_WARN_UNUSED_FUNCTION = YES;
				GCC_WARN_UNUSED_VARIABLE = YES;
				IPHONEOS_DEPLOYMENT_TARGET = 12.1;
				MTL_ENABLE_DEBUG_INFO = INCLUDE_SOURCE;
				MTL_FAST_MATH = YES;
				ONLY_ACTIVE_ARCH = YES;
				SDKROOT = iphoneos;
				SWIFT_ACTIVE_COMPILATION_CONDITIONS = DEBUG;
				SWIFT_OPTIMIZATION_LEVEL = "-Onone";
			};
			name = Debug;
		};
		81B271402192D9E700EDD652 /* Release */ = {
			isa = XCBuildConfiguration;
			buildSettings = {
				ALWAYS_SEARCH_USER_PATHS = NO;
				CLANG_ANALYZER_NONNULL = YES;
				CLANG_ANALYZER_NUMBER_OBJECT_CONVERSION = YES_AGGRESSIVE;
				CLANG_CXX_LANGUAGE_STANDARD = "gnu++14";
				CLANG_CXX_LIBRARY = "libc++";
				CLANG_ENABLE_MODULES = YES;
				CLANG_ENABLE_OBJC_ARC = YES;
				CLANG_ENABLE_OBJC_WEAK = YES;
				CLANG_WARN_BLOCK_CAPTURE_AUTORELEASING = YES;
				CLANG_WARN_BOOL_CONVERSION = YES;
				CLANG_WARN_COMMA = YES;
				CLANG_WARN_CONSTANT_CONVERSION = YES;
				CLANG_WARN_DEPRECATED_OBJC_IMPLEMENTATIONS = YES;
				CLANG_WARN_DIRECT_OBJC_ISA_USAGE = YES_ERROR;
				CLANG_WARN_DOCUMENTATION_COMMENTS = YES;
				CLANG_WARN_EMPTY_BODY = YES;
				CLANG_WARN_ENUM_CONVERSION = YES;
				CLANG_WARN_INFINITE_RECURSION = YES;
				CLANG_WARN_INT_CONVERSION = YES;
				CLANG_WARN_NON_LITERAL_NULL_CONVERSION = YES;
				CLANG_WARN_OBJC_IMPLICIT_RETAIN_SELF = YES;
				CLANG_WARN_OBJC_LITERAL_CONVERSION = YES;
				CLANG_WARN_OBJC_ROOT_CLASS = YES_ERROR;
				CLANG_WARN_RANGE_LOOP_ANALYSIS = YES;
				CLANG_WARN_STRICT_PROTOTYPES = YES;
				CLANG_WARN_SUSPICIOUS_MOVE = YES;
				CLANG_WARN_UNGUARDED_AVAILABILITY = YES_AGGRESSIVE;
				CLANG_WARN_UNREACHABLE_CODE = YES;
				CLANG_WARN__DUPLICATE_METHOD_MATCH = YES;
				CODE_SIGN_IDENTITY = "iPhone Developer";
				COPY_PHASE_STRIP = NO;
				DEBUG_INFORMATION_FORMAT = "dwarf-with-dsym";
				ENABLE_NS_ASSERTIONS = NO;
				ENABLE_STRICT_OBJC_MSGSEND = YES;
				GCC_C_LANGUAGE_STANDARD = gnu11;
				GCC_NO_COMMON_BLOCKS = YES;
				GCC_WARN_64_TO_32_BIT_CONVERSION = YES;
				GCC_WARN_ABOUT_RETURN_TYPE = YES_ERROR;
				GCC_WARN_UNDECLARED_SELECTOR = YES;
				GCC_WARN_UNINITIALIZED_AUTOS = YES_AGGRESSIVE;
				GCC_WARN_UNUSED_FUNCTION = YES;
				GCC_WARN_UNUSED_VARIABLE = YES;
				IPHONEOS_DEPLOYMENT_TARGET = 12.1;
				MTL_ENABLE_DEBUG_INFO = NO;
				MTL_FAST_MATH = YES;
				SDKROOT = iphoneos;
				SWIFT_COMPILATION_MODE = wholemodule;
				SWIFT_OPTIMIZATION_LEVEL = "-O";
				VALIDATE_PRODUCT = YES;
			};
			name = Release;
		};
		81B271422192D9E700EDD652 /* Debug */ = {
			isa = XCBuildConfiguration;
			buildSettings = {
				ASSETCATALOG_COMPILER_APPICON_NAME = AppIcon;
				CODE_SIGN_STYLE = Automatic;
				DEVELOPMENT_TEAM = XM9V6QDM3G;
				INFOPLIST_FILE = iCompanies/Info.plist;
				LD_RUNPATH_SEARCH_PATHS = (
					"$(inherited)",
					"@executable_path/Frameworks",
				);
				PRODUCT_BUNDLE_IDENTIFIER = com.eliamyro.iCompanies;
				PRODUCT_NAME = "$(TARGET_NAME)";
				SWIFT_VERSION = 4.2;
				TARGETED_DEVICE_FAMILY = "1,2";
			};
			name = Debug;
		};
		81B271432192D9E700EDD652 /* Release */ = {
			isa = XCBuildConfiguration;
			buildSettings = {
				ASSETCATALOG_COMPILER_APPICON_NAME = AppIcon;
				CODE_SIGN_STYLE = Automatic;
				DEVELOPMENT_TEAM = XM9V6QDM3G;
				INFOPLIST_FILE = iCompanies/Info.plist;
				LD_RUNPATH_SEARCH_PATHS = (
					"$(inherited)",
					"@executable_path/Frameworks",
				);
				PRODUCT_BUNDLE_IDENTIFIER = com.eliamyro.iCompanies;
				PRODUCT_NAME = "$(TARGET_NAME)";
				SWIFT_VERSION = 4.2;
				TARGETED_DEVICE_FAMILY = "1,2";
			};
			name = Release;
		};
/* End XCBuildConfiguration section */

/* Begin XCConfigurationList section */
		81B2712A2192D9E500EDD652 /* Build configuration list for PBXProject "iCompanies" */ = {
			isa = XCConfigurationList;
			buildConfigurations = (
				81B2713F2192D9E700EDD652 /* Debug */,
				81B271402192D9E700EDD652 /* Release */,
			);
			defaultConfigurationIsVisible = 0;
			defaultConfigurationName = Release;
		};
		81B271412192D9E700EDD652 /* Build configuration list for PBXNativeTarget "iCompanies" */ = {
			isa = XCConfigurationList;
			buildConfigurations = (
				81B271422192D9E700EDD652 /* Debug */,
				81B271432192D9E700EDD652 /* Release */,
			);
			defaultConfigurationIsVisible = 0;
			defaultConfigurationName = Release;
		};
/* End XCConfigurationList section */

/* Begin XCVersionGroup section */
		814C430C2194D390009E2FAD /* CompaniesDataModel.xcdatamodeld */ = {
			isa = XCVersionGroup;
			children = (
				814C430D2194D390009E2FAD /* CompaniesDataModel.xcdatamodel */,
			);
			currentVersion = 814C430D2194D390009E2FAD /* CompaniesDataModel.xcdatamodel */;
			path = CompaniesDataModel.xcdatamodeld;
			sourceTree = "<group>";
			versionGroupType = wrapper.xcdatamodel;
		};
/* End XCVersionGroup section */
	};
	rootObject = 81B271272192D9E500EDD652 /* Project object */;
}
